{
  "name": "ngx-lighthouse-viewer",
  "version": "0.0.1",
  "lockfileVersion": 2,
  "requires": true,
  "packages": {
    "": {
      "name": "ngx-lighthouse-viewer",
      "version": "0.0.1",
      "dependencies": {
        "lighthouse-viewer": "^0.1.64",
        "tslib": "^2.3.0"
      },
      "peerDependencies": {
        "@angular/common": "^13.2.0",
        "@angular/core": "^13.2.0"
      }
    },
    "node_modules/_tslib@2.3.1@tslib": {
      "name": "tslib",
      "version": "2.3.1",
      "license": "0BSD"
    },
    "node_modules/@angular/common": {
      "version": "13.2.2",
      "resolved": "https://registry.npmjs.org/@angular/common/-/common-13.2.2.tgz",
      "integrity": "sha512-56C/bheNLKtTCyQUZCiYtKbBIZN9jj6rjFILPtJCGls3cBCxp7t9tIdoLiQG/wVQRmaxdj1ioLT+sCWz7mLtQw==",
      "peer": true,
      "dependencies": {
        "tslib": "^2.3.0"
      },
      "engines": {
        "node": "^12.20.0 || ^14.15.0 || >=16.10.0"
      },
      "peerDependencies": {
        "@angular/core": "13.2.2",
        "rxjs": "^6.5.3 || ^7.4.0"
      }
    },
    "node_modules/@angular/core": {
      "version": "13.2.2",
      "resolved": "https://registry.npmjs.org/@angular/core/-/core-13.2.2.tgz",
      "integrity": "sha512-zpctw0BxIVOsRFnckchK15SD1L8tzhf5GzwIDaM6+VylDQj1uYkm8mvAjJTQZyUuApomoFet2Rfj7XQPV+cNSQ==",
      "peer": true,
      "dependencies": {
        "tslib": "^2.3.0"
      },
      "engines": {
        "node": "^12.20.0 || ^14.15.0 || >=16.10.0"
      },
      "peerDependencies": {
        "rxjs": "^6.5.3 || ^7.4.0",
        "zone.js": "~0.11.4"
      }
    },
    "node_modules/lighthouse-viewer": {
      "version": "0.1.64",
      "resolved": "https://registry.npmjs.org/lighthouse-viewer/-/lighthouse-viewer-0.1.64.tgz",
      "integrity": "sha512-8f2gvIpm2haR34pZ6h4mfTfGywpCPALwkCuLiBqxopqDpyTzbBpyrF6EDzdKBVJPap1xbu2H/wYegxmBKylRYA=="
    },
    "node_modules/rxjs": {
      "version": "7.5.4",
      "resolved": "https://registry.npmjs.org/rxjs/-/rxjs-7.5.4.tgz",
      "integrity": "sha512-h5M3Hk78r6wAheJF0a5YahB1yRQKCsZ4MsGdZ5O9ETbVtjPcScGfrMmoOq7EBsCRzd4BDkvDJ7ogP8Sz5tTFiQ==",
      "peer": true,
      "dependencies": {
        "tslib": "^2.1.0"
      }
    },
    "node_modules/tslib": {
      "resolved": "node_modules/_tslib@2.3.1@tslib",
      "link": true
    },
    "node_modules/zone.js": {
      "version": "0.11.4",
      "resolved": "https://registry.npmjs.org/zone.js/-/zone.js-0.11.4.tgz",
      "integrity": "sha512-DDh2Ab+A/B+9mJyajPjHFPWfYU1H+pdun4wnnk0OcQTNjem1XQSZ2CDW+rfZEUDjv5M19SBqAkjZi0x5wuB5Qw==",
      "peer": true,
      "dependencies": {
        "tslib": "^2.0.0"
      }
    }
  },
  "dependencies": {
    "_tslib@2.3.1@tslib": {
      "version": "npm:tslib@2.3.1"
    },
    "@angular/common": {
      "version": "13.2.2",
      "resolved": "https://registry.npmjs.org/@angular/common/-/common-13.2.2.tgz",
      "integrity": "sha512-56C/bheNLKtTCyQUZCiYtKbBIZN9jj6rjFILPtJCGls3cBCxp7t9tIdoLiQG/wVQRmaxdj1ioLT+sCWz7mLtQw==",
      "peer": true,
      "requires": {
        "tslib": "^2.3.0"
      }
    },
    "@angular/core": {
      "version": "13.2.2",
      "resolved": "https://registry.npmjs.org/@angular/core/-/core-13.2.2.tgz",
      "integrity": "sha512-zpctw0BxIVOsRFnckchK15SD1L8tzhf5GzwIDaM6+VylDQj1uYkm8mvAjJTQZyUuApomoFet2Rfj7XQPV+cNSQ==",
      "peer": true,
      "requires": {
        "tslib": "^2.3.0"
      }
    },
    "lighthouse-viewer": {
      "version": "0.1.64",
      "resolved": "https://registry.npmjs.org/lighthouse-viewer/-/lighthouse-viewer-0.1.64.tgz",
      "integrity": "sha512-8f2gvIpm2haR34pZ6h4mfTfGywpCPALwkCuLiBqxopqDpyTzbBpyrF6EDzdKBVJPap1xbu2H/wYegxmBKylRYA=="
    },
    "rxjs": {
      "version": "7.5.4",
      "resolved": "https://registry.npmjs.org/rxjs/-/rxjs-7.5.4.tgz",
      "integrity": "sha512-h5M3Hk78r6wAheJF0a5YahB1yRQKCsZ4MsGdZ5O9ETbVtjPcScGfrMmoOq7EBsCRzd4BDkvDJ7ogP8Sz5tTFiQ==",
      "peer": true,
      "requires": {
        "tslib": "^2.1.0"
      }
    },
    "tslib": {
      "version": "file:node_modules/_tslib@2.3.1@tslib"
    },
    "zone.js": {
      "version": "0.11.4",
      "resolved": "https://registry.npmjs.org/zone.js/-/zone.js-0.11.4.tgz",
      "integrity": "sha512-DDh2Ab+A/B+9mJyajPjHFPWfYU1H+pdun4wnnk0OcQTNjem1XQSZ2CDW+rfZEUDjv5M19SBqAkjZi0x5wuB5Qw==",
      "peer": true,
      "requires": {
        "tslib": "^2.0.0"
      }
    }
  }
}
